{
  "originHash" : "0d39f614f87f54f5adb6097165dd427c07fd9667ba5bc30f5cd8c6100959ff7f",
  "pins" : [
    {
      "identity" : "kittentts-swift",
      "kind" : "remoteSourceControl",
      "location" : "https://github.com/SilverMarcs/KittenTTS-swift.git",
      "state" : {
        "branch" : "feature/word-timestamps",
        "revision" : "50e56463a1a8716d5d9a56a861eee36d36d49ae1"
      }
    },
    {
      "identity" : "onnxruntime-swift-package-manager",
      "kind" : "remoteSourceControl",
      "location" : "https://github.com/microsoft/onnxruntime-swift-package-manager",
      "state" : {
        "revision" : "b7fb7f7dea8a2469e6335d95a61b8f36d0dc83b2",
        "version" : "1.24.2"
      }
    }
  ],
  "version" : 3
}
